
Microsoft Visual Studio Solution File, Format Version 12.00
# Visual Studio Version 16
VisualStudioVersion = 16.0.30011.22
MinimumVisualStudioVersion = 10.0.40219.1
Project("{FAE04EC0-301F-11D3-BF4B-00C04F79EFBC}") = "MVC", "MVC\MVC.csproj", "{7767C3BD-60ED-489A-B665-74AEA1F0A6A7}"
EndProject
Project("{FAE04EC0-301F-11D3-BF4B-00C04F79EFBC}") = "API", "API\API.csproj", "{0AB7FFDF-E3CC-423C-AA35-329DA338C47B}"
EndProject
Global
	GlobalSection(SolutionConfigurationPlatforms) = preSolution
		Debug|Any CPU = Debug|Any CPU
		Release|Any CPU = Release|Any CPU
	EndGlobalSection
	GlobalSection(ProjectConfigurationPlatforms) = postSolution
		{7767C3BD-60ED-489A-B665-74AEA1F0A6A7}.Debug|Any CPU.ActiveCfg = Debug|Any CPU
		{7767C3BD-60ED-489A-B665-74AEA1F0A6A7}.Debug|Any CPU.Build.0 = Debug|Any CPU
		{7767C3BD-60ED-489A-B665-74AEA1F0A6A7}.Release|Any CPU.ActiveCfg = Release|Any CPU
		{7767C3BD-60ED-489A-B665-74AEA1F0A6A7}.Release|Any CPU.Build.0 = Release|Any CPU
		{0AB7FFDF-E3CC-423C-AA35-329DA338C47B}.Debug|Any CPU.ActiveCfg = Debug|Any CPU
		{0AB7FFDF-E3CC-423C-AA35-329DA338C47B}.Debug|Any CPU.Build.0 = Debug|Any CPU
		{0AB7FFDF-E3CC-423C-AA35-329DA338C47B}.Release|Any CPU.ActiveCfg = Release|Any CPU
		{0AB7FFDF-E3CC-423C-AA35-329DA338C47B}.Release|Any CPU.Build.0 = Release|Any CPU
	EndGlobalSection
	GlobalSection(SolutionProperties) = preSolution
		HideSolutionNode = FALSE
	EndGlobalSection
	GlobalSection(ExtensibilityGlobals) = postSolution
		SolutionGuid = {59C4133F-1A07-470B-9AAF-C483C675C105}
	EndGlobalSection
EndGlobal
